
Microsoft Visual Studio Solution File, Format Version 12.00
# Visual Studio Version 17
VisualStudioVersion = 17.0.31903.59
MinimumVisualStudioVersion = 10.0.40219.1
Project("{2150E333-8FDC-42A3-9474-1A3956D46DE8}") = "src", "src", "{827E0CD3-B72D-47B6-A68D-7590B98EB39B}"
EndProject
Project("{FAE04EC0-301F-11D3-BF4B-00C04F79EFBC}") = "MiaDock.Core", "src\MiaDock.Core\MiaDock.Core.csproj", "{B5072699-BB12-4CE5-B8D7-22DC648FFCB6}"
EndProject
Project("{FAE04EC0-301F-11D3-BF4B-00C04F79EFBC}") = "MiaDock.Modules.Media", "src\MiaDock.Modules.Media\MiaDock.Modules.Media.csproj", "{3A3E6ABA-B7EB-4EB4-A957-F0FA24DA8B55}"
EndProject
Project("{FAE04EC0-301F-11D3-BF4B-00C04F79EFBC}") = "MiaDock.UI", "src\MiaDock.UI\MiaDock.UI.csproj", "{C2F439D4-98D0-4448-A72F-CA8887473919}"
EndProject
Project("{FAE04EC0-301F-11D3-BF4B-00C04F79EFBC}") = "MiaDock.App", "src\MiaDock.App\MiaDock.App.csproj", "{26015CAE-67B6-46ED-BF69-7CA8771BAD75}"
EndProject
Project("{2150E333-8FDC-42A3-9474-1A3956D46DE8}") = "tests", "tests", "{0AB3BF05-4346-4AA6-1389-037BE0695223}"
EndProject
Project("{FAE04EC0-301F-11D3-BF4B-00C04F79EFBC}") = "MiaDock.Core.Tests", "tests\MiaDock.Core.Tests\MiaDock.Core.Tests.csproj", "{0E69A45C-4080-4E15-9A7F-9DCC93FE9A55}"
EndProject
Project("{FAE04EC0-301F-11D3-BF4B-00C04F79EFBC}") = "MiaDock.WinUI.Tests", "tests\MiaDock.WinUI.Tests\MiaDock.WinUI.Tests.csproj", "{0971C835-9E10-4893-A366-3FB5299F3E8B}"
EndProject
Project("{FAE04EC0-301F-11D3-BF4B-00C04F79EFBC}") = "MiaDock.Platform.Windows", "src\MiaDock.Platform.Windows\MiaDock.Platform.Windows.csproj", "{21DC3B67-57B4-4C97-B052-558B1108C162}"
EndProject
Project("{FAE04EC0-301F-11D3-BF4B-00C04F79EFBC}") = "MiaDock.Platform.Windows.Tests", "tests\MiaDock.Platform.Windows.Tests\MiaDock.Platform.Windows.Tests.csproj", "{58F9413D-F6C4-4FC5-9422-798EA81306DE}"
EndProject
Project("{FAE04EC0-301F-11D3-BF4B-00C04F79EFBC}") = "MiaDock.Modules.SystemStatus", "src\MiaDock.Modules.SystemStatus\MiaDock.Modules.SystemStatus.csproj", "{1C73D570-7922-455B-950E-1F0331BD96A0}"
EndProject
Project("{FAE04EC0-301F-11D3-BF4B-00C04F79EFBC}") = "MiaDock.Modules.DeviceStatus", "src\MiaDock.Modules.DeviceStatus\MiaDock.Modules.DeviceStatus.csproj", "{588E8F86-5221-44A0-8D16-BC16AE6273DD}"
EndProject
Project("{FAE04EC0-301F-11D3-BF4B-00C04F79EFBC}") = "MiaDock.Modules.Time", "src\MiaDock.Modules.Time\MiaDock.Modules.Time.csproj", "{D73343C0-52C8-4F22-9A07-35662B9BDF1A}"
EndProject
Project("{FAE04EC0-301F-11D3-BF4B-00C04F79EFBC}") = "MiaDock.Modules.Notifications", "src\MiaDock.Modules.Notifications\MiaDock.Modules.Notifications.csproj", "{A2C14E94-3C7C-4D67-9751-683279557874}"
EndProject
Project("{FAE04EC0-301F-11D3-BF4B-00C04F79EFBC}") = "MiaDock.Modules.Transfers", "src\MiaDock.Modules.Transfers\MiaDock.Modules.Transfers.csproj", "{E5B61C3D-A645-4F15-89C0-1F5B0A17C502}"
EndProject
Global
	GlobalSection(SolutionConfigurationPlatforms) = preSolution
		Debug|Any CPU = Debug|Any CPU
		Debug|x64 = Debug|x64
		Debug|x86 = Debug|x86
		Release|Any CPU = Release|Any CPU
		Release|x64 = Release|x64
		Release|x86 = Release|x86
	EndGlobalSection
	GlobalSection(ProjectConfigurationPlatforms) = postSolution
		{B5072699-BB12-4CE5-B8D7-22DC648FFCB6}.Debug|Any CPU.ActiveCfg = Debug|Any CPU
		{B5072699-BB12-4CE5-B8D7-22DC648FFCB6}.Debug|Any CPU.Build.0 = Debug|Any CPU
		{B5072699-BB12-4CE5-B8D7-22DC648FFCB6}.Debug|x64.ActiveCfg = Debug|Any CPU
		{B5072699-BB12-4CE5-B8D7-22DC648FFCB6}.Debug|x64.Build.0 = Debug|Any CPU
		{B5072699-BB12-4CE5-B8D7-22DC648FFCB6}.Debug|x86.ActiveCfg = Debug|Any CPU
		{B5072699-BB12-4CE5-B8D7-22DC648FFCB6}.Debug|x86.Build.0 = Debug|Any CPU
		{B5072699-BB12-4CE5-B8D7-22DC648FFCB6}.Release|Any CPU.ActiveCfg = Release|Any CPU
		{B5072699-BB12-4CE5-B8D7-22DC648FFCB6}.Release|Any CPU.Build.0 = Release|Any CPU
		{B5072699-BB12-4CE5-B8D7-22DC648FFCB6}.Release|x64.ActiveCfg = Release|Any CPU
		{B5072699-BB12-4CE5-B8D7-22DC648FFCB6}.Release|x64.Build.0 = Release|Any CPU
		{B5072699-BB12-4CE5-B8D7-22DC648FFCB6}.Release|x86.ActiveCfg = Release|Any CPU
		{B5072699-BB12-4CE5-B8D7-22DC648FFCB6}.Release|x86.Build.0 = Release|Any CPU
		{3A3E6ABA-B7EB-4EB4-A957-F0FA24DA8B55}.Debug|Any CPU.ActiveCfg = Debug|Any CPU
		{3A3E6ABA-B7EB-4EB4-A957-F0FA24DA8B55}.Debug|Any CPU.Build.0 = Debug|Any CPU
		{3A3E6ABA-B7EB-4EB4-A957-F0FA24DA8B55}.Debug|x64.ActiveCfg = Debug|Any CPU
		{3A3E6ABA-B7EB-4EB4-A957-F0FA24DA8B55}.Debug|x64.Build.0 = Debug|Any CPU
		{3A3E6ABA-B7EB-4EB4-A957-F0FA24DA8B55}.Debug|x86.ActiveCfg = Debug|Any CPU
		{3A3E6ABA-B7EB-4EB4-A957-F0FA24DA8B55}.Debug|x86.Build.0 = Debug|Any CPU
		{3A3E6ABA-B7EB-4EB4-A957-F0FA24DA8B55}.Release|Any CPU.ActiveCfg = Release|Any CPU
		{3A3E6ABA-B7EB-4EB4-A957-F0FA24DA8B55}.Release|Any CPU.Build.0 = Release|Any CPU
		{3A3E6ABA-B7EB-4EB4-A957-F0FA24DA8B55}.Release|x64.ActiveCfg = Release|Any CPU
		{3A3E6ABA-B7EB-4EB4-A957-F0FA24DA8B55}.Release|x64.Build.0 = Release|Any CPU
		{3A3E6ABA-B7EB-4EB4-A957-F0FA24DA8B55}.Release|x86.ActiveCfg = Release|Any CPU
		{3A3E6ABA-B7EB-4EB4-A957-F0FA24DA8B55}.Release|x86.Build.0 = Release|Any CPU
		{C2F439D4-98D0-4448-A72F-CA8887473919}.Debug|Any CPU.ActiveCfg = Debug|x64
		{C2F439D4-98D0-4448-A72F-CA8887473919}.Debug|Any CPU.Build.0 = Debug|x64
		{C2F439D4-98D0-4448-A72F-CA8887473919}.Debug|x64.ActiveCfg = Debug|x64
		{C2F439D4-98D0-4448-A72F-CA8887473919}.Debug|x64.Build.0 = Debug|x64
		{C2F439D4-98D0-4448-A72F-CA8887473919}.Debug|x86.ActiveCfg = Debug|x64
		{C2F439D4-98D0-4448-A72F-CA8887473919}.Debug|x86.Build.0 = Debug|x64
		{C2F439D4-98D0-4448-A72F-CA8887473919}.Release|Any CPU.ActiveCfg = Release|x64
		{C2F439D4-98D0-4448-A72F-CA8887473919}.Release|Any CPU.Build.0 = Release|x64
		{C2F439D4-98D0-4448-A72F-CA8887473919}.Release|x64.ActiveCfg = Release|x64
		{C2F439D4-98D0-4448-A72F-CA8887473919}.Release|x64.Build.0 = Release|x64
		{C2F439D4-98D0-4448-A72F-CA8887473919}.Release|x86.ActiveCfg = Release|x64
		{C2F439D4-98D0-4448-A72F-CA8887473919}.Release|x86.Build.0 = Release|x64
		{26015CAE-67B6-46ED-BF69-7CA8771BAD75}.Debug|Any CPU.ActiveCfg = Debug|x64
		{26015CAE-67B6-46ED-BF69-7CA8771BAD75}.Debug|Any CPU.Build.0 = Debug|x64
		{26015CAE-67B6-46ED-BF69-7CA8771BAD75}.Debug|x64.ActiveCfg = Debug|x64
		{26015CAE-67B6-46ED-BF69-7CA8771BAD75}.Debug|x64.Build.0 = Debug|x64
		{26015CAE-67B6-46ED-BF69-7CA8771BAD75}.Debug|x86.ActiveCfg = Debug|x64
		{26015CAE-67B6-46ED-BF69-7CA8771BAD75}.Debug|x86.Build.0 = Debug|x64
		{26015CAE-67B6-46ED-BF69-7CA8771BAD75}.Release|Any CPU.ActiveCfg = Release|x64
		{26015CAE-67B6-46ED-BF69-7CA8771BAD75}.Release|Any CPU.Build.0 = Release|x64
		{26015CAE-67B6-46ED-BF69-7CA8771BAD75}.Release|x64.ActiveCfg = Release|x64
		{26015CAE-67B6-46ED-BF69-7CA8771BAD75}.Release|x64.Build.0 = Release|x64
		{26015CAE-67B6-46ED-BF69-7CA8771BAD75}.Release|x86.ActiveCfg = Release|x64
		{26015CAE-67B6-46ED-BF69-7CA8771BAD75}.Release|x86.Build.0 = Release|x64
		{0E69A45C-4080-4E15-9A7F-9DCC93FE9A55}.Debug|Any CPU.ActiveCfg = Debug|Any CPU
		{0E69A45C-4080-4E15-9A7F-9DCC93FE9A55}.Debug|Any CPU.Build.0 = Debug|Any CPU
		{0E69A45C-4080-4E15-9A7F-9DCC93FE9A55}.Debug|x64.ActiveCfg = Debug|Any CPU
		{0E69A45C-4080-4E15-9A7F-9DCC93FE9A55}.Debug|x64.Build.0 = Debug|Any CPU
		{0E69A45C-4080-4E15-9A7F-9DCC93FE9A55}.Debug|x86.ActiveCfg = Debug|Any CPU
		{0E69A45C-4080-4E15-9A7F-9DCC93FE9A55}.Debug|x86.Build.0 = Debug|Any CPU
		{0E69A45C-4080-4E15-9A7F-9DCC93FE9A55}.Release|Any CPU.ActiveCfg = Release|Any CPU
		{0E69A45C-4080-4E15-9A7F-9DCC93FE9A55}.Release|Any CPU.Build.0 = Release|Any CPU
		{0E69A45C-4080-4E15-9A7F-9DCC93FE9A55}.Release|x64.ActiveCfg = Release|Any CPU
		{0E69A45C-4080-4E15-9A7F-9DCC93FE9A55}.Release|x64.Build.0 = Release|Any CPU
		{0E69A45C-4080-4E15-9A7F-9DCC93FE9A55}.Release|x86.ActiveCfg = Release|Any CPU
		{0E69A45C-4080-4E15-9A7F-9DCC93FE9A55}.Release|x86.Build.0 = Release|Any CPU
		{0971C835-9E10-4893-A366-3FB5299F3E8B}.Debug|Any CPU.ActiveCfg = Debug|x64
		{0971C835-9E10-4893-A366-3FB5299F3E8B}.Debug|Any CPU.Build.0 = Debug|x64
		{0971C835-9E10-4893-A366-3FB5299F3E8B}.Debug|x64.ActiveCfg = Debug|x64
		{0971C835-9E10-4893-A366-3FB5299F3E8B}.Debug|x64.Build.0 = Debug|x64
		{0971C835-9E10-4893-A366-3FB5299F3E8B}.Debug|x86.ActiveCfg = Debug|x64
		{0971C835-9E10-4893-A366-3FB5299F3E8B}.Debug|x86.Build.0 = Debug|x64
		{0971C835-9E10-4893-A366-3FB5299F3E8B}.Release|Any CPU.ActiveCfg = Release|x64
		{0971C835-9E10-4893-A366-3FB5299F3E8B}.Release|Any CPU.Build.0 = Release|x64
		{0971C835-9E10-4893-A366-3FB5299F3E8B}.Release|x64.ActiveCfg = Release|x64
		{0971C835-9E10-4893-A366-3FB5299F3E8B}.Release|x64.Build.0 = Release|x64
		{0971C835-9E10-4893-A366-3FB5299F3E8B}.Release|x86.ActiveCfg = Release|x64
		{0971C835-9E10-4893-A366-3FB5299F3E8B}.Release|x86.Build.0 = Release|x64
		{21DC3B67-57B4-4C97-B052-558B1108C162}.Debug|Any CPU.ActiveCfg = Debug|x64
		{21DC3B67-57B4-4C97-B052-558B1108C162}.Debug|Any CPU.Build.0 = Debug|x64
		{21DC3B67-57B4-4C97-B052-558B1108C162}.Debug|x64.ActiveCfg = Debug|x64
		{21DC3B67-57B4-4C97-B052-558B1108C162}.Debug|x64.Build.0 = Debug|x64
		{21DC3B67-57B4-4C97-B052-558B1108C162}.Debug|x86.ActiveCfg = Debug|x64
		{21DC3B67-57B4-4C97-B052-558B1108C162}.Debug|x86.Build.0 = Debug|x64
		{21DC3B67-57B4-4C97-B052-558B1108C162}.Release|Any CPU.ActiveCfg = Release|x64
		{21DC3B67-57B4-4C97-B052-558B1108C162}.Release|Any CPU.Build.0 = Release|x64
		{21DC3B67-57B4-4C97-B052-558B1108C162}.Release|x64.ActiveCfg = Release|x64
		{21DC3B67-57B4-4C97-B052-558B1108C162}.Release|x64.Build.0 = Release|x64
		{21DC3B67-57B4-4C97-B052-558B1108C162}.Release|x86.ActiveCfg = Release|x64
		{21DC3B67-57B4-4C97-B052-558B1108C162}.Release|x86.Build.0 = Release|x64
		{58F9413D-F6C4-4FC5-9422-798EA81306DE}.Debug|Any CPU.ActiveCfg = Debug|x64
		{58F9413D-F6C4-4FC5-9422-798EA81306DE}.Debug|Any CPU.Build.0 = Debug|x64
		{58F9413D-F6C4-4FC5-9422-798EA81306DE}.Debug|x64.ActiveCfg = Debug|x64
		{58F9413D-F6C4-4FC5-9422-798EA81306DE}.Debug|x64.Build.0 = Debug|x64
		{58F9413D-F6C4-4FC5-9422-798EA81306DE}.Debug|x86.ActiveCfg = Debug|x64
		{58F9413D-F6C4-4FC5-9422-798EA81306DE}.Debug|x86.Build.0 = Debug|x64
		{58F9413D-F6C4-4FC5-9422-798EA81306DE}.Release|Any CPU.ActiveCfg = Release|x64
		{58F9413D-F6C4-4FC5-9422-798EA81306DE}.Release|Any CPU.Build.0 = Release|x64
		{58F9413D-F6C4-4FC5-9422-798EA81306DE}.Release|x64.ActiveCfg = Release|x64
		{58F9413D-F6C4-4FC5-9422-798EA81306DE}.Release|x64.Build.0 = Release|x64
		{58F9413D-F6C4-4FC5-9422-798EA81306DE}.Release|x86.ActiveCfg = Release|x64
		{58F9413D-F6C4-4FC5-9422-798EA81306DE}.Release|x86.Build.0 = Release|x64
		{1C73D570-7922-455B-950E-1F0331BD96A0}.Debug|Any CPU.ActiveCfg = Debug|Any CPU
		{1C73D570-7922-455B-950E-1F0331BD96A0}.Debug|Any CPU.Build.0 = Debug|Any CPU
		{1C73D570-7922-455B-950E-1F0331BD96A0}.Debug|x64.ActiveCfg = Debug|Any CPU
		{1C73D570-7922-455B-950E-1F0331BD96A0}.Debug|x64.Build.0 = Debug|Any CPU
		{1C73D570-7922-455B-950E-1F0331BD96A0}.Debug|x86.ActiveCfg = Debug|Any CPU
		{1C73D570-7922-455B-950E-1F0331BD96A0}.Debug|x86.Build.0 = Debug|Any CPU
		{1C73D570-7922-455B-950E-1F0331BD96A0}.Release|Any CPU.ActiveCfg = Release|Any CPU
		{1C73D570-7922-455B-950E-1F0331BD96A0}.Release|Any CPU.Build.0 = Release|Any CPU
		{1C73D570-7922-455B-950E-1F0331BD96A0}.Release|x64.ActiveCfg = Release|Any CPU
		{1C73D570-7922-455B-950E-1F0331BD96A0}.Release|x64.Build.0 = Release|Any CPU
		{1C73D570-7922-455B-950E-1F0331BD96A0}.Release|x86.ActiveCfg = Release|Any CPU
		{1C73D570-7922-455B-950E-1F0331BD96A0}.Release|x86.Build.0 = Release|Any CPU
		{588E8F86-5221-44A0-8D16-BC16AE6273DD}.Debug|Any CPU.ActiveCfg = Debug|Any CPU
		{588E8F86-5221-44A0-8D16-BC16AE6273DD}.Debug|Any CPU.Build.0 = Debug|Any CPU
		{588E8F86-5221-44A0-8D16-BC16AE6273DD}.Debug|x64.ActiveCfg = Debug|Any CPU
		{588E8F86-5221-44A0-8D16-BC16AE6273DD}.Debug|x64.Build.0 = Debug|Any CPU
		{588E8F86-5221-44A0-8D16-BC16AE6273DD}.Debug|x86.ActiveCfg = Debug|Any CPU
		{588E8F86-5221-44A0-8D16-BC16AE6273DD}.Debug|x86.Build.0 = Debug|Any CPU
		{588E8F86-5221-44A0-8D16-BC16AE6273DD}.Release|Any CPU.ActiveCfg = Release|Any CPU
		{588E8F86-5221-44A0-8D16-BC16AE6273DD}.Release|Any CPU.Build.0 = Release|Any CPU
		{588E8F86-5221-44A0-8D16-BC16AE6273DD}.Release|x64.ActiveCfg = Release|Any CPU
		{588E8F86-5221-44A0-8D16-BC16AE6273DD}.Release|x64.Build.0 = Release|Any CPU
		{588E8F86-5221-44A0-8D16-BC16AE6273DD}.Release|x86.ActiveCfg = Release|Any CPU
		{588E8F86-5221-44A0-8D16-BC16AE6273DD}.Release|x86.Build.0 = Release|Any CPU
		{D73343C0-52C8-4F22-9A07-35662B9BDF1A}.Debug|Any CPU.ActiveCfg = Debug|Any CPU
		{D73343C0-52C8-4F22-9A07-35662B9BDF1A}.Debug|Any CPU.Build.0 = Debug|Any CPU
		{D73343C0-52C8-4F22-9A07-35662B9BDF1A}.Debug|x64.ActiveCfg = Debug|Any CPU
		{D73343C0-52C8-4F22-9A07-35662B9BDF1A}.Debug|x64.Build.0 = Debug|Any CPU
		{D73343C0-52C8-4F22-9A07-35662B9BDF1A}.Debug|x86.ActiveCfg = Debug|Any CPU
		{D73343C0-52C8-4F22-9A07-35662B9BDF1A}.Debug|x86.Build.0 = Debug|Any CPU
		{D73343C0-52C8-4F22-9A07-35662B9BDF1A}.Release|Any CPU.ActiveCfg = Release|Any CPU
		{D73343C0-52C8-4F22-9A07-35662B9BDF1A}.Release|Any CPU.Build.0 = Release|Any CPU
		{D73343C0-52C8-4F22-9A07-35662B9BDF1A}.Release|x64.ActiveCfg = Release|Any CPU
		{D73343C0-52C8-4F22-9A07-35662B9BDF1A}.Release|x64.Build.0 = Release|Any CPU
		{D73343C0-52C8-4F22-9A07-35662B9BDF1A}.Release|x86.ActiveCfg = Release|Any CPU
		{D73343C0-52C8-4F22-9A07-35662B9BDF1A}.Release|x86.Build.0 = Release|Any CPU
		{A2C14E94-3C7C-4D67-9751-683279557874}.Debug|Any CPU.ActiveCfg = Debug|Any CPU
		{A2C14E94-3C7C-4D67-9751-683279557874}.Debug|Any CPU.Build.0 = Debug|Any CPU
		{A2C14E94-3C7C-4D67-9751-683279557874}.Debug|x64.ActiveCfg = Debug|Any CPU
		{A2C14E94-3C7C-4D67-9751-683279557874}.Debug|x64.Build.0 = Debug|Any CPU
		{A2C14E94-3C7C-4D67-9751-683279557874}.Debug|x86.ActiveCfg = Debug|Any CPU
		{A2C14E94-3C7C-4D67-9751-683279557874}.Debug|x86.Build.0 = Debug|Any CPU
		{A2C14E94-3C7C-4D67-9751-683279557874}.Release|Any CPU.ActiveCfg = Release|Any CPU
		{A2C14E94-3C7C-4D67-9751-683279557874}.Release|Any CPU.Build.0 = Release|Any CPU
		{A2C14E94-3C7C-4D67-9751-683279557874}.Release|x64.ActiveCfg = Release|Any CPU
		{A2C14E94-3C7C-4D67-9751-683279557874}.Release|x64.Build.0 = Release|Any CPU
		{A2C14E94-3C7C-4D67-9751-683279557874}.Release|x86.ActiveCfg = Release|Any CPU
		{A2C14E94-3C7C-4D67-9751-683279557874}.Release|x86.Build.0 = Release|Any CPU
		{E5B61C3D-A645-4F15-89C0-1F5B0A17C502}.Debug|Any CPU.ActiveCfg = Debug|Any CPU
		{E5B61C3D-A645-4F15-89C0-1F5B0A17C502}.Debug|Any CPU.Build.0 = Debug|Any CPU
		{E5B61C3D-A645-4F15-89C0-1F5B0A17C502}.Debug|x64.ActiveCfg = Debug|Any CPU
		{E5B61C3D-A645-4F15-89C0-1F5B0A17C502}.Debug|x64.Build.0 = Debug|Any CPU
		{E5B61C3D-A645-4F15-89C0-1F5B0A17C502}.Debug|x86.ActiveCfg = Debug|Any CPU
		{E5B61C3D-A645-4F15-89C0-1F5B0A17C502}.Debug|x86.Build.0 = Debug|Any CPU
		{E5B61C3D-A645-4F15-89C0-1F5B0A17C502}.Release|Any CPU.ActiveCfg = Release|Any CPU
		{E5B61C3D-A645-4F15-89C0-1F5B0A17C502}.Release|Any CPU.Build.0 = Release|Any CPU
		{E5B61C3D-A645-4F15-89C0-1F5B0A17C502}.Release|x64.ActiveCfg = Release|Any CPU
		{E5B61C3D-A645-4F15-89C0-1F5B0A17C502}.Release|x64.Build.0 = Release|Any CPU
		{E5B61C3D-A645-4F15-89C0-1F5B0A17C502}.Release|x86.ActiveCfg = Release|Any CPU
		{E5B61C3D-A645-4F15-89C0-1F5B0A17C502}.Release|x86.Build.0 = Release|Any CPU
	EndGlobalSection
	GlobalSection(SolutionProperties) = preSolution
		HideSolutionNode = FALSE
	EndGlobalSection
	GlobalSection(NestedProjects) = preSolution
		{B5072699-BB12-4CE5-B8D7-22DC648FFCB6} = {827E0CD3-B72D-47B6-A68D-7590B98EB39B}
		{3A3E6ABA-B7EB-4EB4-A957-F0FA24DA8B55} = {827E0CD3-B72D-47B6-A68D-7590B98EB39B}
		{C2F439D4-98D0-4448-A72F-CA8887473919} = {827E0CD3-B72D-47B6-A68D-7590B98EB39B}
		{26015CAE-67B6-46ED-BF69-7CA8771BAD75} = {827E0CD3-B72D-47B6-A68D-7590B98EB39B}
		{0E69A45C-4080-4E15-9A7F-9DCC93FE9A55} = {0AB3BF05-4346-4AA6-1389-037BE0695223}
		{0971C835-9E10-4893-A366-3FB5299F3E8B} = {0AB3BF05-4346-4AA6-1389-037BE0695223}
		{21DC3B67-57B4-4C97-B052-558B1108C162} = {827E0CD3-B72D-47B6-A68D-7590B98EB39B}
		{58F9413D-F6C4-4FC5-9422-798EA81306DE} = {0AB3BF05-4346-4AA6-1389-037BE0695223}
		{1C73D570-7922-455B-950E-1F0331BD96A0} = {827E0CD3-B72D-47B6-A68D-7590B98EB39B}
		{588E8F86-5221-44A0-8D16-BC16AE6273DD} = {827E0CD3-B72D-47B6-A68D-7590B98EB39B}
		{D73343C0-52C8-4F22-9A07-35662B9BDF1A} = {827E0CD3-B72D-47B6-A68D-7590B98EB39B}
		{A2C14E94-3C7C-4D67-9751-683279557874} = {827E0CD3-B72D-47B6-A68D-7590B98EB39B}
		{E5B61C3D-A645-4F15-89C0-1F5B0A17C502} = {827E0CD3-B72D-47B6-A68D-7590B98EB39B}
	EndGlobalSection
EndGlobal
